{
  "name": "add-dropdown-logic",
  "version": "1.0.0",
  "lockfileVersion": 3,
  "requires": true,
  "packages": {
    "": {
      "name": "add-dropdown-logic",
      "version": "1.0.0",
      "license": "MIT",
      "devDependencies": {
        "add-dropdown-logic": "^1.0.0"
      }
    },
    "node_modules/add-dropdown-logic": {
      "version": "1.0.0",
      "resolved": "https://registry.npmjs.org/add-dropdown-logic/-/add-dropdown-logic-1.0.0.tgz",
      "integrity": "sha512-FZ/vmAcPhDdZM6gyUtXGuGeY7iGRcsnv5rLt4I+ZFv9af2a8Z0DvyEixeGAAXhgv4iHevJQUWJtpXY3S1ijbNg==",
      "dev": true
    }
  }
}
